# spirit-block
name: §_rqgCompendiumContent.runeMagic.spiritBlock.name_§
pages:
  - name: §_rqgCompendiumContent.runeMagic.spiritBlock.name_§
    type: text
    title:
      show: false
      level: 1
    text:
      format: 1
      content: >
        §_rqgCompendiumContent.journalEntryType.runeMagicDescription.title_§
        <img style="float:right;border:none;margin-left:1rem" src="systems/rqg/assets/images/runes/magic.svg" height="70">
        §_rqgCompendiumContent.runeMagic.spiritBlock.description_§
    sort: 0
    flags: {}
flags:
  rqg:
    documentRqidFlags:
      id: je..spirit-block
      lang: §_rqgCompendiumContent.lang_§
      priority: §_rqgCompendiumContent.prio_§
