# lock
name: §_rqgCompendiumContent.runeMagic.lock.name_§
type: runeMagic
img: systems/rqg/assets/images/items/rune-magic.svg
system:
  runeRqidLinks:
    - rqid: i.rune.harmony-power
      name: §_rqgCompendiumContent.rune.harmony_§ (§_rqgCompendiumContent.runeType.power_§)
    - rqid: i.rune.movement-power
      name: §_rqgCompendiumContent.rune.movement_§ (§_rqgCompendiumContent.runeType.power_§)
  points: 1
  isRitual: true
  isStackable: true
  isOneUse: false
  chance: 0
  descriptionRqidLink:
    rqid: je..lock
    name: §_rqgCompendiumContent.runeMagic.lock.name_§
effects: []
flags:
  rqg:
    documentRqidFlags:
      id: i.rune-magic.lock
      lang: §_rqgCompendiumContent.lang_§
      priority: §_rqgCompendiumContent.prio_§
